
Microsoft Visual Studio Solution File, Format Version 12.00
# Visual Studio 2013
VisualStudioVersion = 12.0.31101.0
MinimumVisualStudioVersion = 10.0.40219.1
Project("{FAE04EC0-301F-11D3-BF4B-00C04F79EFBC}") = "Time Server", "Time Server\Time Server.csproj", "{6F6A7A82-82B9-4D9B-9CDC-A0B72992525E}"
EndProject
Project("{54435603-DBB4-11D2-8724-00A0C9A8B90C}") = "Eye Server Setup", "Eye Server Setup\Eye Server Setup.vdproj", "{98E3C18A-320E-4693-86B9-4D83A1208F4D}"
EndProject
Global
	GlobalSection(SolutionConfigurationPlatforms) = preSolution
		Debug|Any CPU = Debug|Any CPU
		Release|Any CPU = Release|Any CPU
	EndGlobalSection
	GlobalSection(ProjectConfigurationPlatforms) = postSolution
		{6F6A7A82-82B9-4D9B-9CDC-A0B72992525E}.Debug|Any CPU.ActiveCfg = Debug|Any CPU
		{6F6A7A82-82B9-4D9B-9CDC-A0B72992525E}.Debug|Any CPU.Build.0 = Debug|Any CPU
		{6F6A7A82-82B9-4D9B-9CDC-A0B72992525E}.Release|Any CPU.ActiveCfg = Release|Any CPU
		{6F6A7A82-82B9-4D9B-9CDC-A0B72992525E}.Release|Any CPU.Build.0 = Release|Any CPU
		{98E3C18A-320E-4693-86B9-4D83A1208F4D}.Debug|Any CPU.ActiveCfg = Debug
		{98E3C18A-320E-4693-86B9-4D83A1208F4D}.Release|Any CPU.ActiveCfg = Release
	EndGlobalSection
	GlobalSection(SolutionProperties) = preSolution
		HideSolutionNode = FALSE
	EndGlobalSection
EndGlobal
